
Microsoft Visual Studio Solution File, Format Version 12.00
# Visual Studio Version 17
VisualStudioVersion = 17.3.32929.385
MinimumVisualStudioVersion = 10.0.40219.1
Project("{9A19103F-16F7-4668-BE54-9A1E7A4F7556}") = "AplicacionDeConsola", "AplicacionDeConsola\AplicacionDeConsola.csproj", "{90665D40-96DD-447C-BD99-760DBBF8900F}"
EndProject
Project("{FAE04EC0-301F-11D3-BF4B-00C04F79EFBC}") = "AplicacionDeConsola.NetFramework", "AplicacionDeConsola(NetFramework)\AplicacionDeConsola.NetFramework.csproj", "{0A5EE532-EC1E-4E37-87E9-6577185E6F23}"
EndProject
Project("{FAE04EC0-301F-11D3-BF4B-00C04F79EFBC}") = "PrincipiosSolid", "PrincipiosSolid\PrincipiosSolid.csproj", "{F35DEB9F-E4B7-49A1-9CE0-B150D0AE9DD9}"
EndProject
Global
	GlobalSection(SolutionConfigurationPlatforms) = preSolution
		Debug|Any CPU = Debug|Any CPU
		Release|Any CPU = Release|Any CPU
	EndGlobalSection
	GlobalSection(ProjectConfigurationPlatforms) = postSolution
		{90665D40-96DD-447C-BD99-760DBBF8900F}.Debug|Any CPU.ActiveCfg = Debug|Any CPU
		{90665D40-96DD-447C-BD99-760DBBF8900F}.Debug|Any CPU.Build.0 = Debug|Any CPU
		{90665D40-96DD-447C-BD99-760DBBF8900F}.Release|Any CPU.ActiveCfg = Release|Any CPU
		{90665D40-96DD-447C-BD99-760DBBF8900F}.Release|Any CPU.Build.0 = Release|Any CPU
		{0A5EE532-EC1E-4E37-87E9-6577185E6F23}.Debug|Any CPU.ActiveCfg = Debug|Any CPU
		{0A5EE532-EC1E-4E37-87E9-6577185E6F23}.Debug|Any CPU.Build.0 = Debug|Any CPU
		{0A5EE532-EC1E-4E37-87E9-6577185E6F23}.Release|Any CPU.ActiveCfg = Release|Any CPU
		{0A5EE532-EC1E-4E37-87E9-6577185E6F23}.Release|Any CPU.Build.0 = Release|Any CPU
		{F35DEB9F-E4B7-49A1-9CE0-B150D0AE9DD9}.Debug|Any CPU.ActiveCfg = Debug|Any CPU
		{F35DEB9F-E4B7-49A1-9CE0-B150D0AE9DD9}.Debug|Any CPU.Build.0 = Debug|Any CPU
		{F35DEB9F-E4B7-49A1-9CE0-B150D0AE9DD9}.Release|Any CPU.ActiveCfg = Release|Any CPU
		{F35DEB9F-E4B7-49A1-9CE0-B150D0AE9DD9}.Release|Any CPU.Build.0 = Release|Any CPU
	EndGlobalSection
	GlobalSection(SolutionProperties) = preSolution
		HideSolutionNode = FALSE
	EndGlobalSection
	GlobalSection(ExtensibilityGlobals) = postSolution
		SolutionGuid = {0E973CC5-4616-451B-9647-D5E744DD0504}
	EndGlobalSection
EndGlobal
